
Microsoft Visual Studio Solution File, Format Version 12.00
# Visual Studio Version 16
VisualStudioVersion = 16.0.29806.167
MinimumVisualStudioVersion = 10.0.40219.1
Project("{9A19103F-16F7-4668-BE54-9A1E7A4F7556}") = "BE", "BE.csproj", "{C185A8F0-CC4B-4E88-8D6E-C5D1476227C9}"
EndProject
Project("{9A19103F-16F7-4668-BE54-9A1E7A4F7556}") = "EShop.Data", "..\EShop.Data\EShop.Data.csproj", "{1DC1F372-F6D9-4D81-8835-E0B7853E4876}"
EndProject
Global
	GlobalSection(SolutionConfigurationPlatforms) = preSolution
		Debug|Any CPU = Debug|Any CPU
		Release|Any CPU = Release|Any CPU
	EndGlobalSection
	GlobalSection(ProjectConfigurationPlatforms) = postSolution
		{C185A8F0-CC4B-4E88-8D6E-C5D1476227C9}.Debug|Any CPU.ActiveCfg = Debug|Any CPU
		{C185A8F0-CC4B-4E88-8D6E-C5D1476227C9}.Debug|Any CPU.Build.0 = Debug|Any CPU
		{C185A8F0-CC4B-4E88-8D6E-C5D1476227C9}.Release|Any CPU.ActiveCfg = Release|Any CPU
		{C185A8F0-CC4B-4E88-8D6E-C5D1476227C9}.Release|Any CPU.Build.0 = Release|Any CPU
		{1DC1F372-F6D9-4D81-8835-E0B7853E4876}.Debug|Any CPU.ActiveCfg = Debug|Any CPU
		{1DC1F372-F6D9-4D81-8835-E0B7853E4876}.Debug|Any CPU.Build.0 = Debug|Any CPU
		{1DC1F372-F6D9-4D81-8835-E0B7853E4876}.Release|Any CPU.ActiveCfg = Release|Any CPU
		{1DC1F372-F6D9-4D81-8835-E0B7853E4876}.Release|Any CPU.Build.0 = Release|Any CPU
	EndGlobalSection
	GlobalSection(SolutionProperties) = preSolution
		HideSolutionNode = FALSE
	EndGlobalSection
	GlobalSection(ExtensibilityGlobals) = postSolution
		SolutionGuid = {186D5E1D-C559-422D-A085-79B1A87079B6}
	EndGlobalSection
EndGlobal
